
Microsoft Visual Studio Solution File, Format Version 12.00
# Visual Studio Version 16
VisualStudioVersion = 16.0.30711.63
MinimumVisualStudioVersion = 10.0.40219.1
Project("{FAE04EC0-301F-11D3-BF4B-00C04F79EFBC}") = "dropofchange", "dropofchange.csproj", "{8C4762A8-A4CF-40C8-8E5D-4F02C67295EC}"
EndProject
Global
	GlobalSection(SolutionConfigurationPlatforms) = preSolution
		Debug|Any CPU = Debug|Any CPU
		Release|Any CPU = Release|Any CPU
	EndGlobalSection
	GlobalSection(ProjectConfigurationPlatforms) = postSolution
		{8C4762A8-A4CF-40C8-8E5D-4F02C67295EC}.Debug|Any CPU.ActiveCfg = Debug|Any CPU
		{8C4762A8-A4CF-40C8-8E5D-4F02C67295EC}.Debug|Any CPU.Build.0 = Debug|Any CPU
		{8C4762A8-A4CF-40C8-8E5D-4F02C67295EC}.Release|Any CPU.ActiveCfg = Release|Any CPU
		{8C4762A8-A4CF-40C8-8E5D-4F02C67295EC}.Release|Any CPU.Build.0 = Release|Any CPU
	EndGlobalSection
	GlobalSection(SolutionProperties) = preSolution
		HideSolutionNode = FALSE
	EndGlobalSection
	GlobalSection(ExtensibilityGlobals) = postSolution
		SolutionGuid = {90802EB4-26A1-4F28-9590-74F862C6CDD4}
	EndGlobalSection
EndGlobal
